// !$*UTF8*$!
{
	archiveVersion = 1;
	classes = {
	};
	objectVersion = 50;
	objects = {

/* Begin PBXBuildFile section */
		7E08680C222458FE00612482 /* AppDelegate.swift in Sources */ = {isa = PBXBuildFile; fileRef = 7E08680B222458FE00612482 /* AppDelegate.swift */; };
		7E08680E222458FE00612482 /* GoalsVC.swift in Sources */ = {isa = PBXBuildFile; fileRef = 7E08680D222458FE00612482 /* GoalsVC.swift */; };
		7E086811222458FE00612482 /* Main.storyboard in Resources */ = {isa = PBXBuildFile; fileRef = 7E08680F222458FE00612482 /* Main.storyboard */; };
		7E086814222458FE00612482 /* GoalPost.xcdatamodeld in Sources */ = {isa = PBXBuildFile; fileRef = 7E086812222458FE00612482 /* GoalPost.xcdatamodeld */; };
		7E086816222458FF00612482 /* Assets.xcassets in Resources */ = {isa = PBXBuildFile; fileRef = 7E086815222458FF00612482 /* Assets.xcassets */; };
		7E086819222458FF00612482 /* LaunchScreen.storyboard in Resources */ = {isa = PBXBuildFile; fileRef = 7E086817222458FF00612482 /* LaunchScreen.storyboard */; };
		7E086825222461BC00612482 /* GoalCell.swift in Sources */ = {isa = PBXBuildFile; fileRef = 7E086824222461BC00612482 /* GoalCell.swift */; };
		7E08682722246B8100612482 /* GoalType.swift in Sources */ = {isa = PBXBuildFile; fileRef = 7E08682622246B8100612482 /* GoalType.swift */; };
		7E169B0F2233CE1F000CA493 /* CreateGoalVC.swift in Sources */ = {isa = PBXBuildFile; fileRef = 7E169B0E2233CE1F000CA493 /* CreateGoalVC.swift */; };
		7E169B112233CF66000CA493 /* UIViewControllerExt.swift in Sources */ = {isa = PBXBuildFile; fileRef = 7E169B102233CF66000CA493 /* UIViewControllerExt.swift */; };
		7E169B132233D2C4000CA493 /* UIViewExt.swift in Sources */ = {isa = PBXBuildFile; fileRef = 7E169B122233D2C4000CA493 /* UIViewExt.swift */; };
		7E169B152233D6FF000CA493 /* UIButtonExt.swift in Sources */ = {isa = PBXBuildFile; fileRef = 7E169B142233D6FF000CA493 /* UIButtonExt.swift */; };
		7E169B172233DA82000CA493 /* FinishGoalVC.swift in Sources */ = {isa = PBXBuildFile; fileRef = 7E169B162233DA82000CA493 /* FinishGoalVC.swift */; };
/* End PBXBuildFile section */

/* Begin PBXFileReference section */
		7E086808222458FE00612482 /* GoalPost.app */ = {isa = PBXFileReference; explicitFileType = wrapper.application; includeInIndex = 0; path = GoalPost.app; sourceTree = BUILT_PRODUCTS_DIR; };
		7E08680B222458FE00612482 /* AppDelegate.swift */ = {isa = PBXFileReference; lastKnownFileType = sourcecode.swift; path = AppDelegate.swift; sourceTree = "<group>"; };
		7E08680D222458FE00612482 /* GoalsVC.swift */ = {isa = PBXFileReference; lastKnownFileType = sourcecode.swift; path = GoalsVC.swift; sourceTree = "<group>"; };
		7E086810222458FE00612482 /* Base */ = {isa = PBXFileReference; lastKnownFileType = file.storyboard; name = Base; path = Base.lproj/Main.storyboard; sourceTree = "<group>"; };
		7E086813222458FE00612482 /* GoalPost.xcdatamodel */ = {isa = PBXFileReference; lastKnownFileType = wrapper.xcdatamodel; path = GoalPost.xcdatamodel; sourceTree = "<group>"; };
		7E086815222458FF00612482 /* Assets.xcassets */ = {isa = PBXFileReference; lastKnownFileType = folder.assetcatalog; path = Assets.xcassets; sourceTree = "<group>"; };
		7E086818222458FF00612482 /* Base */ = {isa = PBXFileReference; lastKnownFileType = file.storyboard; name = Base; path = Base.lproj/LaunchScreen.storyboard; sourceTree = "<group>"; };
		7E08681A222458FF00612482 /* Info.plist */ = {isa = PBXFileReference; lastKnownFileType = text.plist.xml; path = Info.plist; sourceTree = "<group>"; };
		7E086824222461BC00612482 /* GoalCell.swift */ = {isa = PBXFileReference; lastKnownFileType = sourcecode.swift; path = GoalCell.swift; sourceTree = "<group>"; };
		7E08682622246B8100612482 /* GoalType.swift */ = {isa = PBXFileReference; lastKnownFileType = sourcecode.swift; path = GoalType.swift; sourceTree = "<group>"; };
		7E169B0E2233CE1F000CA493 /* CreateGoalVC.swift */ = {isa = PBXFileReference; lastKnownFileType = sourcecode.swift; path = CreateGoalVC.swift; sourceTree = "<group>"; };
		7E169B102233CF66000CA493 /* UIViewControllerExt.swift */ = {isa = PBXFileReference; lastKnownFileType = sourcecode.swift; path = UIViewControllerExt.swift; sourceTree = "<group>"; };
		7E169B122233D2C4000CA493 /* UIViewExt.swift */ = {isa = PBXFileReference; lastKnownFileType = sourcecode.swift; path = UIViewExt.swift; sourceTree = "<group>"; };
		7E169B142233D6FF000CA493 /* UIButtonExt.swift */ = {isa = PBXFileReference; lastKnownFileType = sourcecode.swift; path = UIButtonExt.swift; sourceTree = "<group>"; };
		7E169B162233DA82000CA493 /* FinishGoalVC.swift */ = {isa = PBXFileReference; lastKnownFileType = sourcecode.swift; path = FinishGoalVC.swift; sourceTree = "<group>"; };
/* End PBXFileReference section */

/* Begin PBXFrameworksBuildPhase section */
		7E086805222458FE00612482 /* Frameworks */ = {
			isa = PBXFrameworksBuildPhase;
			buildActionMask = 2147483647;
			files = (
			);
			runOnlyForDeploymentPostprocessing = 0;
		};
/* End PBXFrameworksBuildPhase section */

/* Begin PBXGroup section */
		7E0867FF222458FE00612482 = {
			isa = PBXGroup;
			children = (
				7E08680A222458FE00612482 /* GoalPost */,
				7E086809222458FE00612482 /* Products */,
			);
			sourceTree = "<group>";
		};
		7E086809222458FE00612482 /* Products */ = {
			isa = PBXGroup;
			children = (
				7E086808222458FE00612482 /* GoalPost.app */,
			);
			name = Products;
			sourceTree = "<group>";
		};
		7E08680A222458FE00612482 /* GoalPost */ = {
			isa = PBXGroup;
			children = (
				7E0868232224594E00612482 /* Extensions */,
				7E0868222224594700612482 /* Enums */,
				7E0868212224592600612482 /* View */,
				7E0868202224591800612482 /* Controller */,
				7E08680B222458FE00612482 /* AppDelegate.swift */,
				7E08680F222458FE00612482 /* Main.storyboard */,
				7E086815222458FF00612482 /* Assets.xcassets */,
				7E086817222458FF00612482 /* LaunchScreen.storyboard */,
				7E08681A222458FF00612482 /* Info.plist */,
				7E086812222458FE00612482 /* GoalPost.xcdatamodeld */,
			);
			path = GoalPost;
			sourceTree = "<group>";
		};
		7E0868202224591800612482 /* Controller */ = {
			isa = PBXGroup;
			children = (
				7E08680D222458FE00612482 /* GoalsVC.swift */,
				7E169B0E2233CE1F000CA493 /* CreateGoalVC.swift */,
				7E169B162233DA82000CA493 /* FinishGoalVC.swift */,
			);
			path = Controller;
			sourceTree = "<group>";
		};
		7E0868212224592600612482 /* View */ = {
			isa = PBXGroup;
			children = (
				7E086824222461BC00612482 /* GoalCell.swift */,
			);
			path = View;
			sourceTree = "<group>";
		};
		7E0868222224594700612482 /* Enums */ = {
			isa = PBXGroup;
			children = (
				7E08682622246B8100612482 /* GoalType.swift */,
			);
			path = Enums;
			sourceTree = "<group>";
		};
		7E0868232224594E00612482 /* Extensions */ = {
			isa = PBXGroup;
			children = (
				7E169B102233CF66000CA493 /* UIViewControllerExt.swift */,
				7E169B122233D2C4000CA493 /* UIViewExt.swift */,
				7E169B142233D6FF000CA493 /* UIButtonExt.swift */,
			);
			path = Extensions;
			sourceTree = "<group>";
		};
/* End PBXGroup section */

/* Begin PBXNativeTarget section */
		7E086807222458FE00612482 /* GoalPost */ = {
			isa = PBXNativeTarget;
			buildConfigurationList = 7E08681D222458FF00612482 /* Build configuration list for PBXNativeTarget "GoalPost" */;
			buildPhases = (
				7E086804222458FE00612482 /* Sources */,
				7E086805222458FE00612482 /* Frameworks */,
				7E086806222458FE00612482 /* Resources */,
			);
			buildRules = (
			);
			dependencies = (
			);
			name = GoalPost;
			productName = GoalPost;
			productReference = 7E086808222458FE00612482 /* GoalPost.app */;
			productType = "com.apple.product-type.application";
		};
/* End PBXNativeTarget section */

/* Begin PBXProject section */
		7E086800222458FE00612482 /* Project object */ = {
			isa = PBXProject;
			attributes = {
				LastSwiftUpdateCheck = 1010;
				LastUpgradeCheck = 1010;
				ORGANIZATIONNAME = "Artur Ratajczak";
				TargetAttributes = {
					7E086807222458FE00612482 = {
						CreatedOnToolsVersion = 10.1;
					};
				};
			};
			buildConfigurationList = 7E086803222458FE00612482 /* Build configuration list for PBXProject "GoalPost" */;
			compatibilityVersion = "Xcode 9.3";
			developmentRegion = en;
			hasScannedForEncodings = 0;
			knownRegions = (
				en,
				Base,
			);
			mainGroup = 7E0867FF222458FE00612482;
			productRefGroup = 7E086809222458FE00612482 /* Products */;
			projectDirPath = "";
			projectRoot = "";
			targets = (
				7E086807222458FE00612482 /* GoalPost */,
			);
		};
/* End PBXProject section */

/* Begin PBXResourcesBuildPhase section */
		7E086806222458FE00612482 /* Resources */ = {
			isa = PBXResourcesBuildPhase;
			buildActionMask = 2147483647;
			files = (
				7E086819222458FF00612482 /* LaunchScreen.storyboard in Resources */,
				7E086816222458FF00612482 /* Assets.xcassets in Resources */,
				7E086811222458FE00612482 /* Main.storyboard in Resources */,
			);
			runOnlyForDeploymentPostprocessing = 0;
		};
/* End PBXResourcesBuildPhase section */

/* Begin PBXSourcesBuildPhase section */
		7E086804222458FE00612482 /* Sources */ = {
			isa = PBXSourcesBuildPhase;
			buildActionMask = 2147483647;
			files = (
				7E086825222461BC00612482 /* GoalCell.swift in Sources */,
				7E169B0F2233CE1F000CA493 /* CreateGoalVC.swift in Sources */,
				7E08682722246B8100612482 /* GoalType.swift in Sources */,
				7E08680E222458FE00612482 /* GoalsVC.swift in Sources */,
				7E169B132233D2C4000CA493 /* UIViewExt.swift in Sources */,
				7E08680C222458FE00612482 /* AppDelegate.swift in Sources */,
				7E169B112233CF66000CA493 /* UIViewControllerExt.swift in Sources */,
				7E169B152233D6FF000CA493 /* UIButtonExt.swift in Sources */,
				7E169B172233DA82000CA493 /* FinishGoalVC.swift in Sources */,
				7E086814222458FE00612482 /* GoalPost.xcdatamodeld in Sources */,
			);
			runOnlyForDeploymentPostprocessing = 0;
		};
/* End PBXSourcesBuildPhase section */

/* Begin PBXVariantGroup section */
		7E08680F222458FE00612482 /* Main.storyboard */ = {
			isa = PBXVariantGroup;
			children = (
				7E086810222458FE00612482 /* Base */,
			);
			name = Main.storyboard;
			sourceTree = "<group>";
		};
		7E086817222458FF00612482 /* LaunchScreen.storyboard */ = {
			isa = PBXVariantGroup;
			children = (
				7E086818222458FF00612482 /* Base */,
			);
			name = LaunchScreen.storyboard;
			sourceTree = "<group>";
		};
/* End PBXVariantGroup section */

/* Begin XCBuildConfiguration section */
		7E08681B222458FF00612482 /* Debug */ = {
			isa = XCBuildConfiguration;
			buildSettings = {
				ALWAYS_SEARCH_USER_PATHS = NO;
				CLANG_ANALYZER_NONNULL = YES;
				CLANG_ANALYZER_NUMBER_OBJECT_CONVERSION = YES_AGGRESSIVE;
				CLANG_CXX_LANGUAGE_STANDARD = "gnu++14";
				CLANG_CXX_LIBRARY = "libc++";
				CLANG_ENABLE_MODULES = YES;
				CLANG_ENABLE_OBJC_ARC = YES;
				CLANG_ENABLE_OBJC_WEAK = YES;
				CLANG_WARN_BLOCK_CAPTURE_AUTORELEASING = YES;
				CLANG_WARN_BOOL_CONVERSION = YES;
				CLANG_WARN_COMMA = YES;
				CLANG_WARN_CONSTANT_CONVERSION = YES;
				CLANG_WARN_DEPRECATED_OBJC_IMPLEMENTATIONS = YES;
				CLANG_WARN_DIRECT_OBJC_ISA_USAGE = YES_ERROR;
				CLANG_WARN_DOCUMENTATION_COMMENTS = YES;
				CLANG_WARN_EMPTY_BODY = YES;
				CLANG_WARN_ENUM_CONVERSION = YES;
				CLANG_WARN_INFINITE_RECURSION = YES;
				CLANG_WARN_INT_CONVERSION = YES;
				CLANG_WARN_NON_LITERAL_NULL_CONVERSION = YES;
				CLANG_WARN_OBJC_IMPLICIT_RETAIN_SELF = YES;
				CLANG_WARN_OBJC_LITERAL_CONVERSION = YES;
				CLANG_WARN_OBJC_ROOT_CLASS = YES_ERROR;
				CLANG_WARN_RANGE_LOOP_ANALYSIS = YES;
				CLANG_WARN_STRICT_PROTOTYPES = YES;
				CLANG_WARN_SUSPICIOUS_MOVE = YES;
				CLANG_WARN_UNGUARDED_AVAILABILITY = YES_AGGRESSIVE;
				CLANG_WARN_UNREACHABLE_CODE = YES;
				CLANG_WARN__DUPLICATE_METHOD_MATCH = YES;
				CODE_SIGN_IDENTITY = "iPhone Developer";
				COPY_PHASE_STRIP = NO;
				DEBUG_INFORMATION_FORMAT = dwarf;
				ENABLE_STRICT_OBJC_MSGSEND = YES;
				ENABLE_TESTABILITY = YES;
				GCC_C_LANGUAGE_STANDARD = gnu11;
				GCC_DYNAMIC_NO_PIC = NO;
				GCC_NO_COMMON_BLOCKS = YES;
				GCC_OPTIMIZATION_LEVEL = 0;
				GCC_PREPROCESSOR_DEFINITIONS = (
					"DEBUG=1",
					"$(inherited)",
				);
				GCC_WARN_64_TO_32_BIT_CONVERSION = YES;
				GCC_WARN_ABOUT_RETURN_TYPE = YES_ERROR;
				GCC_WARN_UNDECLARED_SELECTOR = YES;
				GCC_WARN_UNINITIALIZED_AUTOS = YES_AGGRESSIVE;
				GCC_WARN_UNUSED_FUNCTION = YES;
				GCC_WARN_UNUSED_VARIABLE = YES;
				IPHONEOS_DEPLOYMENT_TARGET = 12.1;
				MTL_ENABLE_DEBUG_INFO = INCLUDE_SOURCE;
				MTL_FAST_MATH = YES;
				ONLY_ACTIVE_ARCH = YES;
				SDKROOT = iphoneos;
				SWIFT_ACTIVE_COMPILATION_CONDITIONS = DEBUG;
				SWIFT_OPTIMIZATION_LEVEL = "-Onone";
			};
			name = Debug;
		};
		7E08681C222458FF00612482 /* Release */ = {
			isa = XCBuildConfiguration;
			buildSettings = {
				ALWAYS_SEARCH_USER_PATHS = NO;
				CLANG_ANALYZER_NONNULL = YES;
				CLANG_ANALYZER_NUMBER_OBJECT_CONVERSION = YES_AGGRESSIVE;
				CLANG_CXX_LANGUAGE_STANDARD = "gnu++14";
				CLANG_CXX_LIBRARY = "libc++";
				CLANG_ENABLE_MODULES = YES;
				CLANG_ENABLE_OBJC_ARC = YES;
				CLANG_ENABLE_OBJC_WEAK = YES;
				CLANG_WARN_BLOCK_CAPTURE_AUTORELEASING = YES;
				CLANG_WARN_BOOL_CONVERSION = YES;
				CLANG_WARN_COMMA = YES;
				CLANG_WARN_CONSTANT_CONVERSION = YES;
				CLANG_WARN_DEPRECATED_OBJC_IMPLEMENTATIONS = YES;
				CLANG_WARN_DIRECT_OBJC_ISA_USAGE = YES_ERROR;
				CLANG_WARN_DOCUMENTATION_COMMENTS = YES;
				CLANG_WARN_EMPTY_BODY = YES;
				CLANG_WARN_ENUM_CONVERSION = YES;
				CLANG_WARN_INFINITE_RECURSION = YES;
				CLANG_WARN_INT_CONVERSION = YES;
				CLANG_WARN_NON_LITERAL_NULL_CONVERSION = YES;
				CLANG_WARN_OBJC_IMPLICIT_RETAIN_SELF = YES;
				CLANG_WARN_OBJC_LITERAL_CONVERSION = YES;
				CLANG_WARN_OBJC_ROOT_CLASS = YES_ERROR;
				CLANG_WARN_RANGE_LOOP_ANALYSIS = YES;
				CLANG_WARN_STRICT_PROTOTYPES = YES;
				CLANG_WARN_SUSPICIOUS_MOVE = YES;
				CLANG_WARN_UNGUARDED_AVAILABILITY = YES_AGGRESSIVE;
				CLANG_WARN_UNREACHABLE_CODE = YES;
				CLANG_WARN__DUPLICATE_METHOD_MATCH = YES;
				CODE_SIGN_IDENTITY = "iPhone Developer";
				COPY_PHASE_STRIP = NO;
				DEBUG_INFORMATION_FORMAT = "dwarf-with-dsym";
				ENABLE_NS_ASSERTIONS = NO;
				ENABLE_STRICT_OBJC_MSGSEND = YES;
				GCC_C_LANGUAGE_STANDARD = gnu11;
				GCC_NO_COMMON_BLOCKS = YES;
				GCC_WARN_64_TO_32_BIT_CONVERSION = YES;
				GCC_WARN_ABOUT_RETURN_TYPE = YES_ERROR;
				GCC_WARN_UNDECLARED_SELECTOR = YES;
				GCC_WARN_UNINITIALIZED_AUTOS = YES_AGGRESSIVE;
				GCC_WARN_UNUSED_FUNCTION = YES;
				GCC_WARN_UNUSED_VARIABLE = YES;
				IPHONEOS_DEPLOYMENT_TARGET = 12.1;
				MTL_ENABLE_DEBUG_INFO = NO;
				MTL_FAST_MATH = YES;
				SDKROOT = iphoneos;
				SWIFT_COMPILATION_MODE = wholemodule;
				SWIFT_OPTIMIZATION_LEVEL = "-O";
				VALIDATE_PRODUCT = YES;
			};
			name = Release;
		};
		7E08681E222458FF00612482 /* Debug */ = {
			isa = XCBuildConfiguration;
			buildSettings = {
				ASSETCATALOG_COMPILER_APPICON_NAME = AppIcon;
				CODE_SIGN_STYLE = Automatic;
				INFOPLIST_FILE = GoalPost/Info.plist;
				LD_RUNPATH_SEARCH_PATHS = (
					"$(inherited)",
					"@executable_path/Frameworks",
				);
				PRODUCT_BUNDLE_IDENTIFIER = ratajczak.artur.GoalPost;
				PRODUCT_NAME = "$(TARGET_NAME)";
				SWIFT_VERSION = 4.2;
				TARGETED_DEVICE_FAMILY = "1,2";
			};
			name = Debug;
		};
		7E08681F222458FF00612482 /* Release */ = {
			isa = XCBuildConfiguration;
			buildSettings = {
				ASSETCATALOG_COMPILER_APPICON_NAME = AppIcon;
				CODE_SIGN_STYLE = Automatic;
				INFOPLIST_FILE = GoalPost/Info.plist;
				LD_RUNPATH_SEARCH_PATHS = (
					"$(inherited)",
					"@executable_path/Frameworks",
				);
				PRODUCT_BUNDLE_IDENTIFIER = ratajczak.artur.GoalPost;
				PRODUCT_NAME = "$(TARGET_NAME)";
				SWIFT_VERSION = 4.2;
				TARGETED_DEVICE_FAMILY = "1,2";
			};
			name = Release;
		};
/* End XCBuildConfiguration section */

/* Begin XCConfigurationList section */
		7E086803222458FE00612482 /* Build configuration list for PBXProject "GoalPost" */ = {
			isa = XCConfigurationList;
			buildConfigurations = (
				7E08681B222458FF00612482 /* Debug */,
				7E08681C222458FF00612482 /* Release */,
			);
			defaultConfigurationIsVisible = 0;
			defaultConfigurationName = Release;
		};
		7E08681D222458FF00612482 /* Build configuration list for PBXNativeTarget "GoalPost" */ = {
			isa = XCConfigurationList;
			buildConfigurations = (
				7E08681E222458FF00612482 /* Debug */,
				7E08681F222458FF00612482 /* Release */,
			);
			defaultConfigurationIsVisible = 0;
			defaultConfigurationName = Release;
		};
/* End XCConfigurationList section */

/* Begin XCVersionGroup section */
		7E086812222458FE00612482 /* GoalPost.xcdatamodeld */ = {
			isa = XCVersionGroup;
			children = (
				7E086813222458FE00612482 /* GoalPost.xcdatamodel */,
			);
			currentVersion = 7E086813222458FE00612482 /* GoalPost.xcdatamodel */;
			path = GoalPost.xcdatamodeld;
			sourceTree = "<group>";
			versionGroupType = wrapper.xcdatamodel;
		};
/* End XCVersionGroup section */
	};
	rootObject = 7E086800222458FE00612482 /* Project object */;
}
